
Microsoft Visual Studio Solution File, Format Version 12.00
# Visual Studio Version 16
VisualStudioVersion = 16.0.29230.47
MinimumVisualStudioVersion = 10.0.40219.1
Project("{FAE04EC0-301F-11D3-BF4B-00C04F79EFBC}") = "pav", "pav.csproj", "{72EF063A-612D-4B94-8820-8685A9040B0C}"
EndProject
Global
	GlobalSection(SolutionConfigurationPlatforms) = preSolution
		Debug|Any CPU = Debug|Any CPU
		Release|Any CPU = Release|Any CPU
	EndGlobalSection
	GlobalSection(ProjectConfigurationPlatforms) = postSolution
		{72EF063A-612D-4B94-8820-8685A9040B0C}.Debug|Any CPU.ActiveCfg = Debug|Any CPU
		{72EF063A-612D-4B94-8820-8685A9040B0C}.Debug|Any CPU.Build.0 = Debug|Any CPU
		{72EF063A-612D-4B94-8820-8685A9040B0C}.Release|Any CPU.ActiveCfg = Release|Any CPU
		{72EF063A-612D-4B94-8820-8685A9040B0C}.Release|Any CPU.Build.0 = Release|Any CPU
	EndGlobalSection
	GlobalSection(SolutionProperties) = preSolution
		HideSolutionNode = FALSE
	EndGlobalSection
	GlobalSection(ExtensibilityGlobals) = postSolution
		SolutionGuid = {0296C66A-12DA-4DAA-8390-88448B260B3A}
	EndGlobalSection
EndGlobal
